
Microsoft Visual Studio Solution File, Format Version 12.00
# Visual Studio Version 17
VisualStudioVersion = 17.8.34525.116
MinimumVisualStudioVersion = 10.0.40219.1
Project("{FAE04EC0-301F-11D3-BF4B-00C04F79EFBC}") = "LINQ_Task", "LINQ_Task\LINQ_Task.csproj", "{91FAF41D-52FB-4A5C-BE06-2A130712826B}"
EndProject
Global
	GlobalSection(SolutionConfigurationPlatforms) = preSolution
		Debug|Any CPU = Debug|Any CPU
		Release|Any CPU = Release|Any CPU
	EndGlobalSection
	GlobalSection(ProjectConfigurationPlatforms) = postSolution
		{91FAF41D-52FB-4A5C-BE06-2A130712826B}.Debug|Any CPU.ActiveCfg = Debug|Any CPU
		{91FAF41D-52FB-4A5C-BE06-2A130712826B}.Debug|Any CPU.Build.0 = Debug|Any CPU
		{91FAF41D-52FB-4A5C-BE06-2A130712826B}.Release|Any CPU.ActiveCfg = Release|Any CPU
		{91FAF41D-52FB-4A5C-BE06-2A130712826B}.Release|Any CPU.Build.0 = Release|Any CPU
	EndGlobalSection
	GlobalSection(SolutionProperties) = preSolution
		HideSolutionNode = FALSE
	EndGlobalSection
	GlobalSection(ExtensibilityGlobals) = postSolution
		SolutionGuid = {53874386-3FB2-479A-B7FE-8BA9C95338F4}
	EndGlobalSection
EndGlobal
